
Microsoft Visual Studio Solution File, Format Version 12.00
# Visual Studio Version 17
VisualStudioVersion = 17.0.31903.59
MinimumVisualStudioVersion = 10.0.40219.1
Project("{9A19103F-16F7-4668-BE54-9A1E7A4F7556}") = "WebAPI", "Gateway\WebAPI\WebAPI.csproj", "{A1B2C3D4-E5F6-7890-ABCD-EF1234567801}"
EndProject
Project("{9A19103F-16F7-4668-BE54-9A1E7A4F7556}") = "Application", "Application\Application\Application.csproj", "{B2C3D4E5-F6A7-8901-BCDE-F12345678902}"
EndProject
Project("{9A19103F-16F7-4668-BE54-9A1E7A4F7556}") = "Application.Dto", "Application\Application.Dto\Application.Dto.csproj", "{C3D4E5F6-A7B8-9012-CDEF-123456789003}"
EndProject
Project("{9A19103F-16F7-4668-BE54-9A1E7A4F7556}") = "Project", "Domain\Project\Project.csproj", "{D4E5F6A7-B8C9-0123-DEF0-234567890104}"
EndProject
Project("{9A19103F-16F7-4668-BE54-9A1E7A4F7556}") = "Notifications", "Domain\Notifications\Notifications.csproj", "{E5F6A7B8-C9D0-1234-EF01-345678901205}"
EndProject
Project("{9A19103F-16F7-4668-BE54-9A1E7A4F7556}") = "Repositories", "Infra\Repositories\Repositories.csproj", "{F6A7B8C9-D0E1-2345-F012-456789012306}"
EndProject
Project("{9A19103F-16F7-4668-BE54-9A1E7A4F7556}") = "SqlServer", "Infra\SqlServer\SqlServer.csproj", "{A7B8C9D0-E1F2-3456-0123-567890123407}"
EndProject
Project("{2150E333-8FDC-42A3-9474-1A3956D46DE8}") = "Gateway", "Gateway", "{11111111-1111-1111-1111-111111111101}"
EndProject
Project("{2150E333-8FDC-42A3-9474-1A3956D46DE8}") = "Application", "Application", "{22222222-2222-2222-2222-222222222202}"
EndProject
Project("{2150E333-8FDC-42A3-9474-1A3956D46DE8}") = "Domain", "Domain", "{33333333-3333-3333-3333-333333333303}"
EndProject
Project("{2150E333-8FDC-42A3-9474-1A3956D46DE8}") = "Infra", "Infra", "{44444444-4444-4444-4444-444444444404}"
EndProject
Project("{2150E333-8FDC-42A3-9474-1A3956D46DE8}") = "Tests", "Tests", "{0AB3BF05-4346-4AA6-1389-037BE0695223}"
EndProject
Project("{FAE04EC0-301F-11D3-BF4B-00C04F79EFBC}") = "UnitTests", "Tests\UnitTests\UnitTests.csproj", "{50E6F42A-C967-4A97-B7EB-9C8631882E6D}"
EndProject
Project("{FAE04EC0-301F-11D3-BF4B-00C04F79EFBC}") = "IntegrationTests", "Tests\IntegrationTests\IntegrationTests.csproj", "{430E7210-7262-4072-B1F1-C34FB55275FF}"
EndProject
Global
	GlobalSection(SolutionConfigurationPlatforms) = preSolution
		Debug|Any CPU = Debug|Any CPU
		Debug|x64 = Debug|x64
		Debug|x86 = Debug|x86
		Release|Any CPU = Release|Any CPU
		Release|x64 = Release|x64
		Release|x86 = Release|x86
	EndGlobalSection
	GlobalSection(ProjectConfigurationPlatforms) = postSolution
		{A1B2C3D4-E5F6-7890-ABCD-EF1234567801}.Debug|Any CPU.ActiveCfg = Debug|Any CPU
		{A1B2C3D4-E5F6-7890-ABCD-EF1234567801}.Debug|Any CPU.Build.0 = Debug|Any CPU
		{A1B2C3D4-E5F6-7890-ABCD-EF1234567801}.Debug|x64.ActiveCfg = Debug|Any CPU
		{A1B2C3D4-E5F6-7890-ABCD-EF1234567801}.Debug|x64.Build.0 = Debug|Any CPU
		{A1B2C3D4-E5F6-7890-ABCD-EF1234567801}.Debug|x86.ActiveCfg = Debug|Any CPU
		{A1B2C3D4-E5F6-7890-ABCD-EF1234567801}.Debug|x86.Build.0 = Debug|Any CPU
		{A1B2C3D4-E5F6-7890-ABCD-EF1234567801}.Release|Any CPU.ActiveCfg = Release|Any CPU
		{A1B2C3D4-E5F6-7890-ABCD-EF1234567801}.Release|Any CPU.Build.0 = Release|Any CPU
		{A1B2C3D4-E5F6-7890-ABCD-EF1234567801}.Release|x64.ActiveCfg = Release|Any CPU
		{A1B2C3D4-E5F6-7890-ABCD-EF1234567801}.Release|x64.Build.0 = Release|Any CPU
		{A1B2C3D4-E5F6-7890-ABCD-EF1234567801}.Release|x86.ActiveCfg = Release|Any CPU
		{A1B2C3D4-E5F6-7890-ABCD-EF1234567801}.Release|x86.Build.0 = Release|Any CPU
		{B2C3D4E5-F6A7-8901-BCDE-F12345678902}.Debug|Any CPU.ActiveCfg = Debug|Any CPU
		{B2C3D4E5-F6A7-8901-BCDE-F12345678902}.Debug|Any CPU.Build.0 = Debug|Any CPU
		{B2C3D4E5-F6A7-8901-BCDE-F12345678902}.Debug|x64.ActiveCfg = Debug|Any CPU
		{B2C3D4E5-F6A7-8901-BCDE-F12345678902}.Debug|x64.Build.0 = Debug|Any CPU
		{B2C3D4E5-F6A7-8901-BCDE-F12345678902}.Debug|x86.ActiveCfg = Debug|Any CPU
		{B2C3D4E5-F6A7-8901-BCDE-F12345678902}.Debug|x86.Build.0 = Debug|Any CPU
		{B2C3D4E5-F6A7-8901-BCDE-F12345678902}.Release|Any CPU.ActiveCfg = Release|Any CPU
		{B2C3D4E5-F6A7-8901-BCDE-F12345678902}.Release|Any CPU.Build.0 = Release|Any CPU
		{B2C3D4E5-F6A7-8901-BCDE-F12345678902}.Release|x64.ActiveCfg = Release|Any CPU
		{B2C3D4E5-F6A7-8901-BCDE-F12345678902}.Release|x64.Build.0 = Release|Any CPU
		{B2C3D4E5-F6A7-8901-BCDE-F12345678902}.Release|x86.ActiveCfg = Release|Any CPU
		{B2C3D4E5-F6A7-8901-BCDE-F12345678902}.Release|x86.Build.0 = Release|Any CPU
		{C3D4E5F6-A7B8-9012-CDEF-123456789003}.Debug|Any CPU.ActiveCfg = Debug|Any CPU
		{C3D4E5F6-A7B8-9012-CDEF-123456789003}.Debug|Any CPU.Build.0 = Debug|Any CPU
		{C3D4E5F6-A7B8-9012-CDEF-123456789003}.Debug|x64.ActiveCfg = Debug|Any CPU
		{C3D4E5F6-A7B8-9012-CDEF-123456789003}.Debug|x64.Build.0 = Debug|Any CPU
		{C3D4E5F6-A7B8-9012-CDEF-123456789003}.Debug|x86.ActiveCfg = Debug|Any CPU
		{C3D4E5F6-A7B8-9012-CDEF-123456789003}.Debug|x86.Build.0 = Debug|Any CPU
		{C3D4E5F6-A7B8-9012-CDEF-123456789003}.Release|Any CPU.ActiveCfg = Release|Any CPU
		{C3D4E5F6-A7B8-9012-CDEF-123456789003}.Release|Any CPU.Build.0 = Release|Any CPU
		{C3D4E5F6-A7B8-9012-CDEF-123456789003}.Release|x64.ActiveCfg = Release|Any CPU
		{C3D4E5F6-A7B8-9012-CDEF-123456789003}.Release|x64.Build.0 = Release|Any CPU
		{C3D4E5F6-A7B8-9012-CDEF-123456789003}.Release|x86.ActiveCfg = Release|Any CPU
		{C3D4E5F6-A7B8-9012-CDEF-123456789003}.Release|x86.Build.0 = Release|Any CPU
		{D4E5F6A7-B8C9-0123-DEF0-234567890104}.Debug|Any CPU.ActiveCfg = Debug|Any CPU
		{D4E5F6A7-B8C9-0123-DEF0-234567890104}.Debug|Any CPU.Build.0 = Debug|Any CPU
		{D4E5F6A7-B8C9-0123-DEF0-234567890104}.Debug|x64.ActiveCfg = Debug|Any CPU
		{D4E5F6A7-B8C9-0123-DEF0-234567890104}.Debug|x64.Build.0 = Debug|Any CPU
		{D4E5F6A7-B8C9-0123-DEF0-234567890104}.Debug|x86.ActiveCfg = Debug|Any CPU
		{D4E5F6A7-B8C9-0123-DEF0-234567890104}.Debug|x86.Build.0 = Debug|Any CPU
		{D4E5F6A7-B8C9-0123-DEF0-234567890104}.Release|Any CPU.ActiveCfg = Release|Any CPU
		{D4E5F6A7-B8C9-0123-DEF0-234567890104}.Release|Any CPU.Build.0 = Release|Any CPU
		{D4E5F6A7-B8C9-0123-DEF0-234567890104}.Release|x64.ActiveCfg = Release|Any CPU
		{D4E5F6A7-B8C9-0123-DEF0-234567890104}.Release|x64.Build.0 = Release|Any CPU
		{D4E5F6A7-B8C9-0123-DEF0-234567890104}.Release|x86.ActiveCfg = Release|Any CPU
		{D4E5F6A7-B8C9-0123-DEF0-234567890104}.Release|x86.Build.0 = Release|Any CPU
		{E5F6A7B8-C9D0-1234-EF01-345678901205}.Debug|Any CPU.ActiveCfg = Debug|Any CPU
		{E5F6A7B8-C9D0-1234-EF01-345678901205}.Debug|Any CPU.Build.0 = Debug|Any CPU
		{E5F6A7B8-C9D0-1234-EF01-345678901205}.Debug|x64.ActiveCfg = Debug|Any CPU
		{E5F6A7B8-C9D0-1234-EF01-345678901205}.Debug|x64.Build.0 = Debug|Any CPU
		{E5F6A7B8-C9D0-1234-EF01-345678901205}.Debug|x86.ActiveCfg = Debug|Any CPU
		{E5F6A7B8-C9D0-1234-EF01-345678901205}.Debug|x86.Build.0 = Debug|Any CPU
		{E5F6A7B8-C9D0-1234-EF01-345678901205}.Release|Any CPU.ActiveCfg = Release|Any CPU
		{E5F6A7B8-C9D0-1234-EF01-345678901205}.Release|Any CPU.Build.0 = Release|Any CPU
		{E5F6A7B8-C9D0-1234-EF01-345678901205}.Release|x64.ActiveCfg = Release|Any CPU
		{E5F6A7B8-C9D0-1234-EF01-345678901205}.Release|x64.Build.0 = Release|Any CPU
		{E5F6A7B8-C9D0-1234-EF01-345678901205}.Release|x86.ActiveCfg = Release|Any CPU
		{E5F6A7B8-C9D0-1234-EF01-345678901205}.Release|x86.Build.0 = Release|Any CPU
		{F6A7B8C9-D0E1-2345-F012-456789012306}.Debug|Any CPU.ActiveCfg = Debug|Any CPU
		{F6A7B8C9-D0E1-2345-F012-456789012306}.Debug|Any CPU.Build.0 = Debug|Any CPU
		{F6A7B8C9-D0E1-2345-F012-456789012306}.Debug|x64.ActiveCfg = Debug|Any CPU
		{F6A7B8C9-D0E1-2345-F012-456789012306}.Debug|x64.Build.0 = Debug|Any CPU
		{F6A7B8C9-D0E1-2345-F012-456789012306}.Debug|x86.ActiveCfg = Debug|Any CPU
		{F6A7B8C9-D0E1-2345-F012-456789012306}.Debug|x86.Build.0 = Debug|Any CPU
		{F6A7B8C9-D0E1-2345-F012-456789012306}.Release|Any CPU.ActiveCfg = Release|Any CPU
		{F6A7B8C9-D0E1-2345-F012-456789012306}.Release|Any CPU.Build.0 = Release|Any CPU
		{F6A7B8C9-D0E1-2345-F012-456789012306}.Release|x64.ActiveCfg = Release|Any CPU
		{F6A7B8C9-D0E1-2345-F012-456789012306}.Release|x64.Build.0 = Release|Any CPU
		{F6A7B8C9-D0E1-2345-F012-456789012306}.Release|x86.ActiveCfg = Release|Any CPU
		{F6A7B8C9-D0E1-2345-F012-456789012306}.Release|x86.Build.0 = Release|Any CPU
		{A7B8C9D0-E1F2-3456-0123-567890123407}.Debug|Any CPU.ActiveCfg = Debug|Any CPU
		{A7B8C9D0-E1F2-3456-0123-567890123407}.Debug|Any CPU.Build.0 = Debug|Any CPU
		{A7B8C9D0-E1F2-3456-0123-567890123407}.Debug|x64.ActiveCfg = Debug|Any CPU
		{A7B8C9D0-E1F2-3456-0123-567890123407}.Debug|x64.Build.0 = Debug|Any CPU
		{A7B8C9D0-E1F2-3456-0123-567890123407}.Debug|x86.ActiveCfg = Debug|Any CPU
		{A7B8C9D0-E1F2-3456-0123-567890123407}.Debug|x86.Build.0 = Debug|Any CPU
		{A7B8C9D0-E1F2-3456-0123-567890123407}.Release|Any CPU.ActiveCfg = Release|Any CPU
		{A7B8C9D0-E1F2-3456-0123-567890123407}.Release|Any CPU.Build.0 = Release|Any CPU
		{A7B8C9D0-E1F2-3456-0123-567890123407}.Release|x64.ActiveCfg = Release|Any CPU
		{A7B8C9D0-E1F2-3456-0123-567890123407}.Release|x64.Build.0 = Release|Any CPU
		{A7B8C9D0-E1F2-3456-0123-567890123407}.Release|x86.ActiveCfg = Release|Any CPU
		{A7B8C9D0-E1F2-3456-0123-567890123407}.Release|x86.Build.0 = Release|Any CPU
		{50E6F42A-C967-4A97-B7EB-9C8631882E6D}.Debug|Any CPU.ActiveCfg = Debug|Any CPU
		{50E6F42A-C967-4A97-B7EB-9C8631882E6D}.Debug|Any CPU.Build.0 = Debug|Any CPU
		{50E6F42A-C967-4A97-B7EB-9C8631882E6D}.Debug|x64.ActiveCfg = Debug|Any CPU
		{50E6F42A-C967-4A97-B7EB-9C8631882E6D}.Debug|x64.Build.0 = Debug|Any CPU
		{50E6F42A-C967-4A97-B7EB-9C8631882E6D}.Debug|x86.ActiveCfg = Debug|Any CPU
		{50E6F42A-C967-4A97-B7EB-9C8631882E6D}.Debug|x86.Build.0 = Debug|Any CPU
		{50E6F42A-C967-4A97-B7EB-9C8631882E6D}.Release|Any CPU.ActiveCfg = Release|Any CPU
		{50E6F42A-C967-4A97-B7EB-9C8631882E6D}.Release|Any CPU.Build.0 = Release|Any CPU
		{50E6F42A-C967-4A97-B7EB-9C8631882E6D}.Release|x64.ActiveCfg = Release|Any CPU
		{50E6F42A-C967-4A97-B7EB-9C8631882E6D}.Release|x64.Build.0 = Release|Any CPU
		{50E6F42A-C967-4A97-B7EB-9C8631882E6D}.Release|x86.ActiveCfg = Release|Any CPU
		{50E6F42A-C967-4A97-B7EB-9C8631882E6D}.Release|x86.Build.0 = Release|Any CPU
		{430E7210-7262-4072-B1F1-C34FB55275FF}.Debug|Any CPU.ActiveCfg = Debug|Any CPU
		{430E7210-7262-4072-B1F1-C34FB55275FF}.Debug|Any CPU.Build.0 = Debug|Any CPU
		{430E7210-7262-4072-B1F1-C34FB55275FF}.Debug|x64.ActiveCfg = Debug|Any CPU
		{430E7210-7262-4072-B1F1-C34FB55275FF}.Debug|x64.Build.0 = Debug|Any CPU
		{430E7210-7262-4072-B1F1-C34FB55275FF}.Debug|x86.ActiveCfg = Debug|Any CPU
		{430E7210-7262-4072-B1F1-C34FB55275FF}.Debug|x86.Build.0 = Debug|Any CPU
		{430E7210-7262-4072-B1F1-C34FB55275FF}.Release|Any CPU.ActiveCfg = Release|Any CPU
		{430E7210-7262-4072-B1F1-C34FB55275FF}.Release|Any CPU.Build.0 = Release|Any CPU
		{430E7210-7262-4072-B1F1-C34FB55275FF}.Release|x64.ActiveCfg = Release|Any CPU
		{430E7210-7262-4072-B1F1-C34FB55275FF}.Release|x64.Build.0 = Release|Any CPU
		{430E7210-7262-4072-B1F1-C34FB55275FF}.Release|x86.ActiveCfg = Release|Any CPU
		{430E7210-7262-4072-B1F1-C34FB55275FF}.Release|x86.Build.0 = Release|Any CPU
	EndGlobalSection
	GlobalSection(SolutionProperties) = preSolution
		HideSolutionNode = FALSE
	EndGlobalSection
	GlobalSection(NestedProjects) = preSolution
		{A1B2C3D4-E5F6-7890-ABCD-EF1234567801} = {11111111-1111-1111-1111-111111111101}
		{B2C3D4E5-F6A7-8901-BCDE-F12345678902} = {22222222-2222-2222-2222-222222222202}
		{C3D4E5F6-A7B8-9012-CDEF-123456789003} = {22222222-2222-2222-2222-222222222202}
		{D4E5F6A7-B8C9-0123-DEF0-234567890104} = {33333333-3333-3333-3333-333333333303}
		{E5F6A7B8-C9D0-1234-EF01-345678901205} = {33333333-3333-3333-3333-333333333303}
		{F6A7B8C9-D0E1-2345-F012-456789012306} = {44444444-4444-4444-4444-444444444404}
		{A7B8C9D0-E1F2-3456-0123-567890123407} = {44444444-4444-4444-4444-444444444404}
		{50E6F42A-C967-4A97-B7EB-9C8631882E6D} = {0AB3BF05-4346-4AA6-1389-037BE0695223}
		{430E7210-7262-4072-B1F1-C34FB55275FF} = {0AB3BF05-4346-4AA6-1389-037BE0695223}
	EndGlobalSection
EndGlobal
